// !$*UTF8*$!
{
	archiveVersion = 1;
	classes = {
	};
	objectVersion = 56;
	objects = {

/* Begin PBXBuildFile section */
		410506442B1113590015B2FA /* SettingsFeature in Frameworks */ = {isa = PBXBuildFile; productRef = 410506432B1113590015B2FA /* SettingsFeature */; };
		410506462B1113BA0015B2FA /* UserProfileFeature in Frameworks */ = {isa = PBXBuildFile; productRef = 410506452B1113BA0015B2FA /* UserProfileFeature */; };
		410506492B111AB40015B2FA /* Resolver in Frameworks */ = {isa = PBXBuildFile; productRef = 410506482B111AB40015B2FA /* Resolver */; };
		410D9A752B0D2A4E002B284E /* SampleApp.swift in Sources */ = {isa = PBXBuildFile; fileRef = 410D9A742B0D2A4E002B284E /* SampleApp.swift */; };
		410D9A772B0D2C76002B284E /* ContentView.swift in Sources */ = {isa = PBXBuildFile; fileRef = 410D9A762B0D2C76002B284E /* ContentView.swift */; };
		410D9A792B0D3250002B284E /* UILayer in Frameworks */ = {isa = PBXBuildFile; productRef = 410D9A782B0D3250002B284E /* UILayer */; };
		410D9A7B2B0D35CA002B284E /* NetworkLayer in Frameworks */ = {isa = PBXBuildFile; productRef = 410D9A7A2B0D35CA002B284E /* NetworkLayer */; };
		412503E12B11E40C001DDCE5 /* iOSApplication.swift in Sources */ = {isa = PBXBuildFile; fileRef = 412503E02B11E40C001DDCE5 /* iOSApplication.swift */; };
		412FF9252B3208ED00DCF929 /* HomeRouter.swift in Sources */ = {isa = PBXBuildFile; fileRef = 412FF9242B3208ED00DCF929 /* HomeRouter.swift */; };
		4162EC052B04233400E4E086 /* ApplicationLayer in Frameworks */ = {isa = PBXBuildFile; productRef = 4162EC042B04233400E4E086 /* ApplicationLayer */; };
		417422B42B4557B6009F0146 /* UINavigationController+UIGestureRecognizer.swift in Sources */ = {isa = PBXBuildFile; fileRef = 417422B32B4557B6009F0146 /* UINavigationController+UIGestureRecognizer.swift */; };
		417B7C9A2B681EA8001E2F21 /* EntryPointComposer.swift in Sources */ = {isa = PBXBuildFile; fileRef = 417B7C992B681EA8001E2F21 /* EntryPointComposer.swift */; };
		417B7C9C2B682D18001E2F21 /* LoginFeature in Frameworks */ = {isa = PBXBuildFile; productRef = 417B7C9B2B682D18001E2F21 /* LoginFeature */; };
		417B7C9E2B682DC8001E2F21 /* SignupFeature in Frameworks */ = {isa = PBXBuildFile; productRef = 417B7C9D2B682DC8001E2F21 /* SignupFeature */; };
		417B7CA02B682FC2001E2F21 /* SignupRouter.swift in Sources */ = {isa = PBXBuildFile; fileRef = 417B7C9F2B682FC2001E2F21 /* SignupRouter.swift */; };
		417B7CA22B68302D001E2F21 /* LoginRouter.swift in Sources */ = {isa = PBXBuildFile; fileRef = 417B7CA12B68302D001E2F21 /* LoginRouter.swift */; };
		41A5C67B2B55B9DE0057A14F /* MainFeature in Frameworks */ = {isa = PBXBuildFile; productRef = 41A5C67A2B55B9DE0057A14F /* MainFeature */; };
		41A5C67D2B55BB580057A14F /* MainRouter.swift in Sources */ = {isa = PBXBuildFile; fileRef = 41A5C67C2B55BB580057A14F /* MainRouter.swift */; };
		41B4E93C2B3A3D4D00DFF8BB /* BaseRouter.swift in Sources */ = {isa = PBXBuildFile; fileRef = 41B4E93B2B3A3D4D00DFF8BB /* BaseRouter.swift */; };
		41D23B902B643AC100624010 /* FavouritesFeature in Frameworks */ = {isa = PBXBuildFile; productRef = 41D23B8F2B643AC100624010 /* FavouritesFeature */; };
		41D23B922B643BB500624010 /* FavouritesRouter.swift in Sources */ = {isa = PBXBuildFile; fileRef = 41D23B912B643BB500624010 /* FavouritesRouter.swift */; };
		41DDA4CC2B59A8EA00EBD99A /* RoutingUIHostingController.swift in Sources */ = {isa = PBXBuildFile; fileRef = 41DDA4CB2B59A8EA00EBD99A /* RoutingUIHostingController.swift */; };
		41DDA4CE2B59AFE800EBD99A /* TabBarRoutes.swift in Sources */ = {isa = PBXBuildFile; fileRef = 41DDA4CD2B59AFE800EBD99A /* TabBarRoutes.swift */; };
		41DDA4D12B59B20400EBD99A /* MainSceneComposer.swift in Sources */ = {isa = PBXBuildFile; fileRef = 41DDA4D02B59B20400EBD99A /* MainSceneComposer.swift */; };
		41DF41E42B6192F4009A9033 /* SearchFeature in Frameworks */ = {isa = PBXBuildFile; productRef = 41DF41E32B6192F4009A9033 /* SearchFeature */; };
		41DF41E62B6192FC009A9033 /* NotificationsFeature in Frameworks */ = {isa = PBXBuildFile; productRef = 41DF41E52B6192FC009A9033 /* NotificationsFeature */; };
		41DF41E82B6198F6009A9033 /* SearchRouter.swift in Sources */ = {isa = PBXBuildFile; fileRef = 41DF41E72B6198F6009A9033 /* SearchRouter.swift */; };
		41DF41EA2B61991C009A9033 /* NotificationsRouter.swift in Sources */ = {isa = PBXBuildFile; fileRef = 41DF41E92B61991C009A9033 /* NotificationsRouter.swift */; };
		41E490CA2B31E35F00A5BFFF /* UserProfileRouter.swift in Sources */ = {isa = PBXBuildFile; fileRef = 41E490C92B31E35F00A5BFFF /* UserProfileRouter.swift */; };
		41E490CC2B31E47E00A5BFFF /* SettingsRouter.swift in Sources */ = {isa = PBXBuildFile; fileRef = 41E490CB2B31E47E00A5BFFF /* SettingsRouter.swift */; };
		41E490CE2B31FFDC00A5BFFF /* HomeFeature in Frameworks */ = {isa = PBXBuildFile; productRef = 41E490CD2B31FFDC00A5BFFF /* HomeFeature */; };
		41F3A7452B0420DE0059BCB0 /* AppDelegate.swift in Sources */ = {isa = PBXBuildFile; fileRef = 41F3A7442B0420DE0059BCB0 /* AppDelegate.swift */; };
		41F3A7472B0420DE0059BCB0 /* SceneDelegate.swift in Sources */ = {isa = PBXBuildFile; fileRef = 41F3A7462B0420DE0059BCB0 /* SceneDelegate.swift */; };
		41F3A74E2B0420DF0059BCB0 /* Assets.xcassets in Resources */ = {isa = PBXBuildFile; fileRef = 41F3A74D2B0420DF0059BCB0 /* Assets.xcassets */; };
		41F3A7512B0420DF0059BCB0 /* LaunchScreen.storyboard in Resources */ = {isa = PBXBuildFile; fileRef = 41F3A74F2B0420DF0059BCB0 /* LaunchScreen.storyboard */; };
/* End PBXBuildFile section */

/* Begin PBXFileReference section */
		410D9A742B0D2A4E002B284E /* SampleApp.swift */ = {isa = PBXFileReference; lastKnownFileType = sourcecode.swift; path = SampleApp.swift; sourceTree = "<group>"; };
		410D9A762B0D2C76002B284E /* ContentView.swift */ = {isa = PBXFileReference; lastKnownFileType = sourcecode.swift; path = ContentView.swift; sourceTree = "<group>"; };
		412503E02B11E40C001DDCE5 /* iOSApplication.swift */ = {isa = PBXFileReference; lastKnownFileType = sourcecode.swift; path = iOSApplication.swift; sourceTree = "<group>"; };
		412FF9242B3208ED00DCF929 /* HomeRouter.swift */ = {isa = PBXFileReference; lastKnownFileType = sourcecode.swift; path = HomeRouter.swift; sourceTree = "<group>"; };
		417422B32B4557B6009F0146 /* UINavigationController+UIGestureRecognizer.swift */ = {isa = PBXFileReference; lastKnownFileType = sourcecode.swift; path = "UINavigationController+UIGestureRecognizer.swift"; sourceTree = "<group>"; };
		417B7C992B681EA8001E2F21 /* EntryPointComposer.swift */ = {isa = PBXFileReference; lastKnownFileType = sourcecode.swift; path = EntryPointComposer.swift; sourceTree = "<group>"; };
		417B7C9F2B682FC2001E2F21 /* SignupRouter.swift */ = {isa = PBXFileReference; lastKnownFileType = sourcecode.swift; path = SignupRouter.swift; sourceTree = "<group>"; };
		417B7CA12B68302D001E2F21 /* LoginRouter.swift */ = {isa = PBXFileReference; lastKnownFileType = sourcecode.swift; path = LoginRouter.swift; sourceTree = "<group>"; };
		41A5C67C2B55BB580057A14F /* MainRouter.swift */ = {isa = PBXFileReference; lastKnownFileType = sourcecode.swift; path = MainRouter.swift; sourceTree = "<group>"; };
		41B4E93B2B3A3D4D00DFF8BB /* BaseRouter.swift */ = {isa = PBXFileReference; lastKnownFileType = sourcecode.swift; path = BaseRouter.swift; sourceTree = "<group>"; };
		41D23B912B643BB500624010 /* FavouritesRouter.swift */ = {isa = PBXFileReference; lastKnownFileType = sourcecode.swift; path = FavouritesRouter.swift; sourceTree = "<group>"; };
		41DDA4CB2B59A8EA00EBD99A /* RoutingUIHostingController.swift */ = {isa = PBXFileReference; lastKnownFileType = sourcecode.swift; path = RoutingUIHostingController.swift; sourceTree = "<group>"; };
		41DDA4CD2B59AFE800EBD99A /* TabBarRoutes.swift */ = {isa = PBXFileReference; lastKnownFileType = sourcecode.swift; path = TabBarRoutes.swift; sourceTree = "<group>"; };
		41DDA4D02B59B20400EBD99A /* MainSceneComposer.swift */ = {isa = PBXFileReference; lastKnownFileType = sourcecode.swift; path = MainSceneComposer.swift; sourceTree = "<group>"; };
		41DF41E72B6198F6009A9033 /* SearchRouter.swift */ = {isa = PBXFileReference; lastKnownFileType = sourcecode.swift; path = SearchRouter.swift; sourceTree = "<group>"; };
		41DF41E92B61991C009A9033 /* NotificationsRouter.swift */ = {isa = PBXFileReference; lastKnownFileType = sourcecode.swift; path = NotificationsRouter.swift; sourceTree = "<group>"; };
		41E490C92B31E35F00A5BFFF /* UserProfileRouter.swift */ = {isa = PBXFileReference; lastKnownFileType = sourcecode.swift; path = UserProfileRouter.swift; sourceTree = "<group>"; };
		41E490CB2B31E47E00A5BFFF /* SettingsRouter.swift */ = {isa = PBXFileReference; lastKnownFileType = sourcecode.swift; path = SettingsRouter.swift; sourceTree = "<group>"; };
		41F3A7412B0420DE0059BCB0 /* SampleApp.app */ = {isa = PBXFileReference; explicitFileType = wrapper.application; includeInIndex = 0; path = SampleApp.app; sourceTree = BUILT_PRODUCTS_DIR; };
		41F3A7442B0420DE0059BCB0 /* AppDelegate.swift */ = {isa = PBXFileReference; lastKnownFileType = sourcecode.swift; path = AppDelegate.swift; sourceTree = "<group>"; };
		41F3A7462B0420DE0059BCB0 /* SceneDelegate.swift */ = {isa = PBXFileReference; lastKnownFileType = sourcecode.swift; path = SceneDelegate.swift; sourceTree = "<group>"; };
		41F3A74D2B0420DF0059BCB0 /* Assets.xcassets */ = {isa = PBXFileReference; lastKnownFileType = folder.assetcatalog; path = Assets.xcassets; sourceTree = "<group>"; };
		41F3A7502B0420DF0059BCB0 /* Base */ = {isa = PBXFileReference; lastKnownFileType = file.storyboard; name = Base; path = Base.lproj/LaunchScreen.storyboard; sourceTree = "<group>"; };
		41F3A7522B0420DF0059BCB0 /* Info.plist */ = {isa = PBXFileReference; lastKnownFileType = text.plist.xml; path = Info.plist; sourceTree = "<group>"; };
/* End PBXFileReference section */

/* Begin PBXFrameworksBuildPhase section */
		41F3A73E2B0420DE0059BCB0 /* Frameworks */ = {
			isa = PBXFrameworksBuildPhase;
			buildActionMask = 2147483647;
			files = (
				410506492B111AB40015B2FA /* Resolver in Frameworks */,
				41E490CE2B31FFDC00A5BFFF /* HomeFeature in Frameworks */,
				41DF41E62B6192FC009A9033 /* NotificationsFeature in Frameworks */,
				41DF41E42B6192F4009A9033 /* SearchFeature in Frameworks */,
				41D23B902B643AC100624010 /* FavouritesFeature in Frameworks */,
				410506442B1113590015B2FA /* SettingsFeature in Frameworks */,
				410D9A7B2B0D35CA002B284E /* NetworkLayer in Frameworks */,
				41A5C67B2B55B9DE0057A14F /* MainFeature in Frameworks */,
				410D9A792B0D3250002B284E /* UILayer in Frameworks */,
				417B7C9C2B682D18001E2F21 /* LoginFeature in Frameworks */,
				410506462B1113BA0015B2FA /* UserProfileFeature in Frameworks */,
				417B7C9E2B682DC8001E2F21 /* SignupFeature in Frameworks */,
				4162EC052B04233400E4E086 /* ApplicationLayer in Frameworks */,
			);
			runOnlyForDeploymentPostprocessing = 0;
		};
/* End PBXFrameworksBuildPhase section */

/* Begin PBXGroup section */
		411E1E242B31BC26008E6F49 /* Routers */ = {
			isa = PBXGroup;
			children = (
				41E490C92B31E35F00A5BFFF /* UserProfileRouter.swift */,
				41E490CB2B31E47E00A5BFFF /* SettingsRouter.swift */,
				412FF9242B3208ED00DCF929 /* HomeRouter.swift */,
				41B4E93B2B3A3D4D00DFF8BB /* BaseRouter.swift */,
				41A5C67C2B55BB580057A14F /* MainRouter.swift */,
				41DF41E72B6198F6009A9033 /* SearchRouter.swift */,
				41DF41E92B61991C009A9033 /* NotificationsRouter.swift */,
				41D23B912B643BB500624010 /* FavouritesRouter.swift */,
				417B7C9F2B682FC2001E2F21 /* SignupRouter.swift */,
				417B7CA12B68302D001E2F21 /* LoginRouter.swift */,
			);
			path = Routers;
			sourceTree = "<group>";
		};
		411E1E292B31CBCD008E6F49 /* Navigation */ = {
			isa = PBXGroup;
			children = (
				41DDA4CF2B59B1DE00EBD99A /* Composers */,
				411E1E242B31BC26008E6F49 /* Routers */,
				41DDA4CB2B59A8EA00EBD99A /* RoutingUIHostingController.swift */,
				41DDA4CD2B59AFE800EBD99A /* TabBarRoutes.swift */,
				417422B32B4557B6009F0146 /* UINavigationController+UIGestureRecognizer.swift */,
			);
			path = Navigation;
			sourceTree = "<group>";
		};
		4162EC032B04233400E4E086 /* Frameworks */ = {
			isa = PBXGroup;
			children = (
			);
			name = Frameworks;
			sourceTree = "<group>";
		};
		41DDA4CF2B59B1DE00EBD99A /* Composers */ = {
			isa = PBXGroup;
			children = (
				41DDA4D02B59B20400EBD99A /* MainSceneComposer.swift */,
				417B7C992B681EA8001E2F21 /* EntryPointComposer.swift */,
			);
			path = Composers;
			sourceTree = "<group>";
		};
		41F3A7382B0420DE0059BCB0 = {
			isa = PBXGroup;
			children = (
				41F3A7432B0420DE0059BCB0 /* SampleApp */,
				41F3A7422B0420DE0059BCB0 /* Products */,
				4162EC032B04233400E4E086 /* Frameworks */,
			);
			sourceTree = "<group>";
		};
		41F3A7422B0420DE0059BCB0 /* Products */ = {
			isa = PBXGroup;
			children = (
				41F3A7412B0420DE0059BCB0 /* SampleApp.app */,
			);
			name = Products;
			sourceTree = "<group>";
		};
		41F3A7432B0420DE0059BCB0 /* SampleApp */ = {
			isa = PBXGroup;
			children = (
				41F3A74D2B0420DF0059BCB0 /* Assets.xcassets */,
				411E1E292B31CBCD008E6F49 /* Navigation */,
				41F3A7442B0420DE0059BCB0 /* AppDelegate.swift */,
				41F3A7462B0420DE0059BCB0 /* SceneDelegate.swift */,
				412503E02B11E40C001DDCE5 /* iOSApplication.swift */,
				410D9A742B0D2A4E002B284E /* SampleApp.swift */,
				410D9A762B0D2C76002B284E /* ContentView.swift */,
				41F3A74F2B0420DF0059BCB0 /* LaunchScreen.storyboard */,
				41F3A7522B0420DF0059BCB0 /* Info.plist */,
			);
			path = SampleApp;
			sourceTree = "<group>";
		};
/* End PBXGroup section */

/* Begin PBXNativeTarget section */
		41F3A7402B0420DE0059BCB0 /* SampleApp */ = {
			isa = PBXNativeTarget;
			buildConfigurationList = 41F3A7552B0420DF0059BCB0 /* Build configuration list for PBXNativeTarget "SampleApp" */;
			buildPhases = (
				41F3A73D2B0420DE0059BCB0 /* Sources */,
				41F3A73E2B0420DE0059BCB0 /* Frameworks */,
				41F3A73F2B0420DE0059BCB0 /* Resources */,
			);
			buildRules = (
			);
			dependencies = (
			);
			name = SampleApp;
			packageProductDependencies = (
				4162EC042B04233400E4E086 /* ApplicationLayer */,
				410D9A782B0D3250002B284E /* UILayer */,
				410D9A7A2B0D35CA002B284E /* NetworkLayer */,
				410506432B1113590015B2FA /* SettingsFeature */,
				410506452B1113BA0015B2FA /* UserProfileFeature */,
				410506482B111AB40015B2FA /* Resolver */,
				41E490CD2B31FFDC00A5BFFF /* HomeFeature */,
				41A5C67A2B55B9DE0057A14F /* MainFeature */,
				41DF41E32B6192F4009A9033 /* SearchFeature */,
				41DF41E52B6192FC009A9033 /* NotificationsFeature */,
				41D23B8F2B643AC100624010 /* FavouritesFeature */,
				417B7C9B2B682D18001E2F21 /* LoginFeature */,
				417B7C9D2B682DC8001E2F21 /* SignupFeature */,
			);
			productName = SampleApp;
			productReference = 41F3A7412B0420DE0059BCB0 /* SampleApp.app */;
			productType = "com.apple.product-type.application";
		};
/* End PBXNativeTarget section */

/* Begin PBXProject section */
		41F3A7392B0420DE0059BCB0 /* Project object */ = {
			isa = PBXProject;
			attributes = {
				BuildIndependentTargetsInParallel = 1;
				LastSwiftUpdateCheck = 1500;
				LastUpgradeCheck = 1500;
				TargetAttributes = {
					41F3A7402B0420DE0059BCB0 = {
						CreatedOnToolsVersion = 15.0.1;
					};
				};
			};
			buildConfigurationList = 41F3A73C2B0420DE0059BCB0 /* Build configuration list for PBXProject "SampleApp" */;
			compatibilityVersion = "Xcode 14.0";
			developmentRegion = en;
			hasScannedForEncodings = 0;
			knownRegions = (
				en,
				Base,
			);
			mainGroup = 41F3A7382B0420DE0059BCB0;
			packageReferences = (
				410506472B111AB40015B2FA /* XCRemoteSwiftPackageReference "Resolver" */,
			);
			productRefGroup = 41F3A7422B0420DE0059BCB0 /* Products */;
			projectDirPath = "";
			projectRoot = "";
			targets = (
				41F3A7402B0420DE0059BCB0 /* SampleApp */,
			);
		};
/* End PBXProject section */

/* Begin PBXResourcesBuildPhase section */
		41F3A73F2B0420DE0059BCB0 /* Resources */ = {
			isa = PBXResourcesBuildPhase;
			buildActionMask = 2147483647;
			files = (
				41F3A7512B0420DF0059BCB0 /* LaunchScreen.storyboard in Resources */,
				41F3A74E2B0420DF0059BCB0 /* Assets.xcassets in Resources */,
			);
			runOnlyForDeploymentPostprocessing = 0;
		};
/* End PBXResourcesBuildPhase section */

/* Begin PBXSourcesBuildPhase section */
		41F3A73D2B0420DE0059BCB0 /* Sources */ = {
			isa = PBXSourcesBuildPhase;
			buildActionMask = 2147483647;
			files = (
				410D9A752B0D2A4E002B284E /* SampleApp.swift in Sources */,
				41B4E93C2B3A3D4D00DFF8BB /* BaseRouter.swift in Sources */,
				41F3A7452B0420DE0059BCB0 /* AppDelegate.swift in Sources */,
				412FF9252B3208ED00DCF929 /* HomeRouter.swift in Sources */,
				410D9A772B0D2C76002B284E /* ContentView.swift in Sources */,
				41D23B922B643BB500624010 /* FavouritesRouter.swift in Sources */,
				41DDA4CE2B59AFE800EBD99A /* TabBarRoutes.swift in Sources */,
				41DF41E82B6198F6009A9033 /* SearchRouter.swift in Sources */,
				417422B42B4557B6009F0146 /* UINavigationController+UIGestureRecognizer.swift in Sources */,
				417B7CA02B682FC2001E2F21 /* SignupRouter.swift in Sources */,
				417B7C9A2B681EA8001E2F21 /* EntryPointComposer.swift in Sources */,
				41DDA4CC2B59A8EA00EBD99A /* RoutingUIHostingController.swift in Sources */,
				41F3A7472B0420DE0059BCB0 /* SceneDelegate.swift in Sources */,
				41DDA4D12B59B20400EBD99A /* MainSceneComposer.swift in Sources */,
				41E490CA2B31E35F00A5BFFF /* UserProfileRouter.swift in Sources */,
				41E490CC2B31E47E00A5BFFF /* SettingsRouter.swift in Sources */,
				41A5C67D2B55BB580057A14F /* MainRouter.swift in Sources */,
				412503E12B11E40C001DDCE5 /* iOSApplication.swift in Sources */,
				417B7CA22B68302D001E2F21 /* LoginRouter.swift in Sources */,
				41DF41EA2B61991C009A9033 /* NotificationsRouter.swift in Sources */,
			);
			runOnlyForDeploymentPostprocessing = 0;
		};
/* End PBXSourcesBuildPhase section */

/* Begin PBXVariantGroup section */
		41F3A74F2B0420DF0059BCB0 /* LaunchScreen.storyboard */ = {
			isa = PBXVariantGroup;
			children = (
				41F3A7502B0420DF0059BCB0 /* Base */,
			);
			name = LaunchScreen.storyboard;
			sourceTree = "<group>";
		};
/* End PBXVariantGroup section */

/* Begin XCBuildConfiguration section */
		41F3A7532B0420DF0059BCB0 /* Debug */ = {
			isa = XCBuildConfiguration;
			buildSettings = {
				ALWAYS_SEARCH_USER_PATHS = NO;
				ASSETCATALOG_COMPILER_GENERATE_SWIFT_ASSET_SYMBOL_EXTENSIONS = YES;
				CLANG_ANALYZER_NONNULL = YES;
				CLANG_ANALYZER_NUMBER_OBJECT_CONVERSION = YES_AGGRESSIVE;
				CLANG_CXX_LANGUAGE_STANDARD = "gnu++20";
				CLANG_ENABLE_MODULES = YES;
				CLANG_ENABLE_OBJC_ARC = YES;
				CLANG_ENABLE_OBJC_WEAK = YES;
				CLANG_WARN_BLOCK_CAPTURE_AUTORELEASING = YES;
				CLANG_WARN_BOOL_CONVERSION = YES;
				CLANG_WARN_COMMA = YES;
				CLANG_WARN_CONSTANT_CONVERSION = YES;
				CLANG_WARN_DEPRECATED_OBJC_IMPLEMENTATIONS = YES;
				CLANG_WARN_DIRECT_OBJC_ISA_USAGE = YES_ERROR;
				CLANG_WARN_DOCUMENTATION_COMMENTS = YES;
				CLANG_WARN_EMPTY_BODY = YES;
				CLANG_WARN_ENUM_CONVERSION = YES;
				CLANG_WARN_INFINITE_RECURSION = YES;
				CLANG_WARN_INT_CONVERSION = YES;
				CLANG_WARN_NON_LITERAL_NULL_CONVERSION = YES;
				CLANG_WARN_OBJC_IMPLICIT_RETAIN_SELF = YES;
				CLANG_WARN_OBJC_LITERAL_CONVERSION = YES;
				CLANG_WARN_OBJC_ROOT_CLASS = YES_ERROR;
				CLANG_WARN_QUOTED_INCLUDE_IN_FRAMEWORK_HEADER = YES;
				CLANG_WARN_RANGE_LOOP_ANALYSIS = YES;
				CLANG_WARN_STRICT_PROTOTYPES = YES;
				CLANG_WARN_SUSPICIOUS_MOVE = YES;
				CLANG_WARN_UNGUARDED_AVAILABILITY = YES_AGGRESSIVE;
				CLANG_WARN_UNREACHABLE_CODE = YES;
				CLANG_WARN__DUPLICATE_METHOD_MATCH = YES;
				COPY_PHASE_STRIP = NO;
				DEBUG_INFORMATION_FORMAT = dwarf;
				ENABLE_STRICT_OBJC_MSGSEND = YES;
				ENABLE_TESTABILITY = YES;
				ENABLE_USER_SCRIPT_SANDBOXING = YES;
				GCC_C_LANGUAGE_STANDARD = gnu17;
				GCC_DYNAMIC_NO_PIC = NO;
				GCC_NO_COMMON_BLOCKS = YES;
				GCC_OPTIMIZATION_LEVEL = 0;
				GCC_PREPROCESSOR_DEFINITIONS = (
					"DEBUG=1",
					"$(inherited)",
				);
				GCC_WARN_64_TO_32_BIT_CONVERSION = YES;
				GCC_WARN_ABOUT_RETURN_TYPE = YES_ERROR;
				GCC_WARN_UNDECLARED_SELECTOR = YES;
				GCC_WARN_UNINITIALIZED_AUTOS = YES_AGGRESSIVE;
				GCC_WARN_UNUSED_FUNCTION = YES;
				GCC_WARN_UNUSED_VARIABLE = YES;
				IPHONEOS_DEPLOYMENT_TARGET = 17.0;
				LOCALIZATION_PREFERS_STRING_CATALOGS = YES;
				MTL_ENABLE_DEBUG_INFO = INCLUDE_SOURCE;
				MTL_FAST_MATH = YES;
				ONLY_ACTIVE_ARCH = YES;
				SDKROOT = iphoneos;
				SWIFT_ACTIVE_COMPILATION_CONDITIONS = "DEBUG $(inherited)";
				SWIFT_OPTIMIZATION_LEVEL = "-Onone";
			};
			name = Debug;
		};
		41F3A7542B0420DF0059BCB0 /* Release */ = {
			isa = XCBuildConfiguration;
			buildSettings = {
				ALWAYS_SEARCH_USER_PATHS = NO;
				ASSETCATALOG_COMPILER_GENERATE_SWIFT_ASSET_SYMBOL_EXTENSIONS = YES;
				CLANG_ANALYZER_NONNULL = YES;
				CLANG_ANALYZER_NUMBER_OBJECT_CONVERSION = YES_AGGRESSIVE;
				CLANG_CXX_LANGUAGE_STANDARD = "gnu++20";
				CLANG_ENABLE_MODULES = YES;
				CLANG_ENABLE_OBJC_ARC = YES;
				CLANG_ENABLE_OBJC_WEAK = YES;
				CLANG_WARN_BLOCK_CAPTURE_AUTORELEASING = YES;
				CLANG_WARN_BOOL_CONVERSION = YES;
				CLANG_WARN_COMMA = YES;
				CLANG_WARN_CONSTANT_CONVERSION = YES;
				CLANG_WARN_DEPRECATED_OBJC_IMPLEMENTATIONS = YES;
				CLANG_WARN_DIRECT_OBJC_ISA_USAGE = YES_ERROR;
				CLANG_WARN_DOCUMENTATION_COMMENTS = YES;
				CLANG_WARN_EMPTY_BODY = YES;
				CLANG_WARN_ENUM_CONVERSION = YES;
				CLANG_WARN_INFINITE_RECURSION = YES;
				CLANG_WARN_INT_CONVERSION = YES;
				CLANG_WARN_NON_LITERAL_NULL_CONVERSION = YES;
				CLANG_WARN_OBJC_IMPLICIT_RETAIN_SELF = YES;
				CLANG_WARN_OBJC_LITERAL_CONVERSION = YES;
				CLANG_WARN_OBJC_ROOT_CLASS = YES_ERROR;
				CLANG_WARN_QUOTED_INCLUDE_IN_FRAMEWORK_HEADER = YES;
				CLANG_WARN_RANGE_LOOP_ANALYSIS = YES;
				CLANG_WARN_STRICT_PROTOTYPES = YES;
				CLANG_WARN_SUSPICIOUS_MOVE = YES;
				CLANG_WARN_UNGUARDED_AVAILABILITY = YES_AGGRESSIVE;
				CLANG_WARN_UNREACHABLE_CODE = YES;
				CLANG_WARN__DUPLICATE_METHOD_MATCH = YES;
				COPY_PHASE_STRIP = NO;
				DEBUG_INFORMATION_FORMAT = "dwarf-with-dsym";
				ENABLE_NS_ASSERTIONS = NO;
				ENABLE_STRICT_OBJC_MSGSEND = YES;
				ENABLE_USER_SCRIPT_SANDBOXING = YES;
				GCC_C_LANGUAGE_STANDARD = gnu17;
				GCC_NO_COMMON_BLOCKS = YES;
				GCC_WARN_64_TO_32_BIT_CONVERSION = YES;
				GCC_WARN_ABOUT_RETURN_TYPE = YES_ERROR;
				GCC_WARN_UNDECLARED_SELECTOR = YES;
				GCC_WARN_UNINITIALIZED_AUTOS = YES_AGGRESSIVE;
				GCC_WARN_UNUSED_FUNCTION = YES;
				GCC_WARN_UNUSED_VARIABLE = YES;
				IPHONEOS_DEPLOYMENT_TARGET = 17.0;
				LOCALIZATION_PREFERS_STRING_CATALOGS = YES;
				MTL_ENABLE_DEBUG_INFO = NO;
				MTL_FAST_MATH = YES;
				SDKROOT = iphoneos;
				SWIFT_COMPILATION_MODE = wholemodule;
				VALIDATE_PRODUCT = YES;
			};
			name = Release;
		};
		41F3A7562B0420DF0059BCB0 /* Debug */ = {
			isa = XCBuildConfiguration;
			buildSettings = {
				ASSETCATALOG_COMPILER_APPICON_NAME = AppIcon;
				ASSETCATALOG_COMPILER_GLOBAL_ACCENT_COLOR_NAME = AccentColor;
				CODE_SIGN_STYLE = Automatic;
				CURRENT_PROJECT_VERSION = 1;
				DEVELOPMENT_TEAM = "";
				GENERATE_INFOPLIST_FILE = YES;
				INFOPLIST_FILE = SampleApp/Info.plist;
				INFOPLIST_KEY_UIApplicationSupportsIndirectInputEvents = YES;
				INFOPLIST_KEY_UILaunchStoryboardName = LaunchScreen;
				INFOPLIST_KEY_UIStatusBarStyle = "";
				INFOPLIST_KEY_UISupportedInterfaceOrientations = UIInterfaceOrientationPortrait;
				INFOPLIST_KEY_UISupportedInterfaceOrientations_iPad = "UIInterfaceOrientationLandscapeLeft UIInterfaceOrientationLandscapeRight UIInterfaceOrientationPortrait UIInterfaceOrientationPortraitUpsideDown";
				IPHONEOS_DEPLOYMENT_TARGET = 16.0;
				LD_RUNPATH_SEARCH_PATHS = (
					"$(inherited)",
					"@executable_path/Frameworks",
				);
				MARKETING_VERSION = 1.0;
				PRODUCT_BUNDLE_IDENTIFIER = themis.SampleApp;
				PRODUCT_NAME = "$(TARGET_NAME)";
				SUPPORTED_PLATFORMS = "iphoneos iphonesimulator";
				SUPPORTS_MACCATALYST = NO;
				SUPPORTS_MAC_DESIGNED_FOR_IPHONE_IPAD = NO;
				SUPPORTS_XR_DESIGNED_FOR_IPHONE_IPAD = NO;
				SWIFT_EMIT_LOC_STRINGS = YES;
				SWIFT_VERSION = 5.0;
				TARGETED_DEVICE_FAMILY = 1;
			};
			name = Debug;
		};
		41F3A7572B0420DF0059BCB0 /* Release */ = {
			isa = XCBuildConfiguration;
			buildSettings = {
				ASSETCATALOG_COMPILER_APPICON_NAME = AppIcon;
				ASSETCATALOG_COMPILER_GLOBAL_ACCENT_COLOR_NAME = AccentColor;
				CODE_SIGN_STYLE = Automatic;
				CURRENT_PROJECT_VERSION = 1;
				DEVELOPMENT_TEAM = "";
				GENERATE_INFOPLIST_FILE = YES;
				INFOPLIST_FILE = SampleApp/Info.plist;
				INFOPLIST_KEY_UIApplicationSupportsIndirectInputEvents = YES;
				INFOPLIST_KEY_UILaunchStoryboardName = LaunchScreen;
				INFOPLIST_KEY_UIStatusBarStyle = "";
				INFOPLIST_KEY_UISupportedInterfaceOrientations = UIInterfaceOrientationPortrait;
				INFOPLIST_KEY_UISupportedInterfaceOrientations_iPad = "UIInterfaceOrientationLandscapeLeft UIInterfaceOrientationLandscapeRight UIInterfaceOrientationPortrait UIInterfaceOrientationPortraitUpsideDown";
				IPHONEOS_DEPLOYMENT_TARGET = 16.0;
				LD_RUNPATH_SEARCH_PATHS = (
					"$(inherited)",
					"@executable_path/Frameworks",
				);
				MARKETING_VERSION = 1.0;
				PRODUCT_BUNDLE_IDENTIFIER = themis.SampleApp;
				PRODUCT_NAME = "$(TARGET_NAME)";
				SUPPORTED_PLATFORMS = "iphoneos iphonesimulator";
				SUPPORTS_MACCATALYST = NO;
				SUPPORTS_MAC_DESIGNED_FOR_IPHONE_IPAD = NO;
				SUPPORTS_XR_DESIGNED_FOR_IPHONE_IPAD = NO;
				SWIFT_EMIT_LOC_STRINGS = YES;
				SWIFT_VERSION = 5.0;
				TARGETED_DEVICE_FAMILY = 1;
			};
			name = Release;
		};
/* End XCBuildConfiguration section */

/* Begin XCConfigurationList section */
		41F3A73C2B0420DE0059BCB0 /* Build configuration list for PBXProject "SampleApp" */ = {
			isa = XCConfigurationList;
			buildConfigurations = (
				41F3A7532B0420DF0059BCB0 /* Debug */,
				41F3A7542B0420DF0059BCB0 /* Release */,
			);
			defaultConfigurationIsVisible = 0;
			defaultConfigurationName = Release;
		};
		41F3A7552B0420DF0059BCB0 /* Build configuration list for PBXNativeTarget "SampleApp" */ = {
			isa = XCConfigurationList;
			buildConfigurations = (
				41F3A7562B0420DF0059BCB0 /* Debug */,
				41F3A7572B0420DF0059BCB0 /* Release */,
			);
			defaultConfigurationIsVisible = 0;
			defaultConfigurationName = Release;
		};
/* End XCConfigurationList section */

/* Begin XCRemoteSwiftPackageReference section */
		410506472B111AB40015B2FA /* XCRemoteSwiftPackageReference "Resolver" */ = {
			isa = XCRemoteSwiftPackageReference;
			repositoryURL = "https://github.com/hmlongco/Resolver";
			requirement = {
				kind = exactVersion;
				version = 1.5.0;
			};
		};
/* End XCRemoteSwiftPackageReference section */

/* Begin XCSwiftPackageProductDependency section */
		410506432B1113590015B2FA /* SettingsFeature */ = {
			isa = XCSwiftPackageProductDependency;
			productName = SettingsFeature;
		};
		410506452B1113BA0015B2FA /* UserProfileFeature */ = {
			isa = XCSwiftPackageProductDependency;
			productName = UserProfileFeature;
		};
		410506482B111AB40015B2FA /* Resolver */ = {
			isa = XCSwiftPackageProductDependency;
			package = 410506472B111AB40015B2FA /* XCRemoteSwiftPackageReference "Resolver" */;
			productName = Resolver;
		};
		410D9A782B0D3250002B284E /* UILayer */ = {
			isa = XCSwiftPackageProductDependency;
			productName = UILayer;
		};
		410D9A7A2B0D35CA002B284E /* NetworkLayer */ = {
			isa = XCSwiftPackageProductDependency;
			productName = NetworkLayer;
		};
		4162EC042B04233400E4E086 /* ApplicationLayer */ = {
			isa = XCSwiftPackageProductDependency;
			productName = ApplicationLayer;
		};
		417B7C9B2B682D18001E2F21 /* LoginFeature */ = {
			isa = XCSwiftPackageProductDependency;
			productName = LoginFeature;
		};
		417B7C9D2B682DC8001E2F21 /* SignupFeature */ = {
			isa = XCSwiftPackageProductDependency;
			productName = SignupFeature;
		};
		41A5C67A2B55B9DE0057A14F /* MainFeature */ = {
			isa = XCSwiftPackageProductDependency;
			productName = MainFeature;
		};
		41D23B8F2B643AC100624010 /* FavouritesFeature */ = {
			isa = XCSwiftPackageProductDependency;
			productName = FavouritesFeature;
		};
		41DF41E32B6192F4009A9033 /* SearchFeature */ = {
			isa = XCSwiftPackageProductDependency;
			productName = SearchFeature;
		};
		41DF41E52B6192FC009A9033 /* NotificationsFeature */ = {
			isa = XCSwiftPackageProductDependency;
			productName = NotificationsFeature;
		};
		41E490CD2B31FFDC00A5BFFF /* HomeFeature */ = {
			isa = XCSwiftPackageProductDependency;
			productName = HomeFeature;
		};
/* End XCSwiftPackageProductDependency section */
	};
	rootObject = 41F3A7392B0420DE0059BCB0 /* Project object */;
}
